// !$*UTF8*$!
{
	archiveVersion = 1;
	classes = {
	};
	objectVersion = 46;
	objects = {

/* Begin PBXBuildFile section */
		DE31F2651EBFB4C600F2A1A1 /* AppDelegate.swift in Sources */ = {isa = PBXBuildFile; fileRef = DE31F2641EBFB4C600F2A1A1 /* AppDelegate.swift */; };
		DE31F2671EBFB4C600F2A1A1 /* ViewController.swift in Sources */ = {isa = PBXBuildFile; fileRef = DE31F2661EBFB4C600F2A1A1 /* ViewController.swift */; };
		DE31F26A1EBFB4C600F2A1A1 /* Main.storyboard in Resources */ = {isa = PBXBuildFile; fileRef = DE31F2681EBFB4C600F2A1A1 /* Main.storyboard */; };
		DE31F26C1EBFB4C600F2A1A1 /* Assets.xcassets in Resources */ = {isa = PBXBuildFile; fileRef = DE31F26B1EBFB4C600F2A1A1 /* Assets.xcassets */; };
		DE31F26F1EBFB4C600F2A1A1 /* LaunchScreen.storyboard in Resources */ = {isa = PBXBuildFile; fileRef = DE31F26D1EBFB4C600F2A1A1 /* LaunchScreen.storyboard */; };
		DE31F27A1EBFB4C600F2A1A1 /* WarTests.swift in Sources */ = {isa = PBXBuildFile; fileRef = DE31F2791EBFB4C600F2A1A1 /* WarTests.swift */; };
		DE31F2851EBFB4C600F2A1A1 /* WarUITests.swift in Sources */ = {isa = PBXBuildFile; fileRef = DE31F2841EBFB4C600F2A1A1 /* WarUITests.swift */; };
/* End PBXBuildFile section */

/* Begin PBXContainerItemProxy section */
		DE31F2761EBFB4C600F2A1A1 /* PBXContainerItemProxy */ = {
			isa = PBXContainerItemProxy;
			containerPortal = DE31F2591EBFB4C600F2A1A1 /* Project object */;
			proxyType = 1;
			remoteGlobalIDString = DE31F2601EBFB4C600F2A1A1;
			remoteInfo = War;
		};
		DE31F2811EBFB4C600F2A1A1 /* PBXContainerItemProxy */ = {
			isa = PBXContainerItemProxy;
			containerPortal = DE31F2591EBFB4C600F2A1A1 /* Project object */;
			proxyType = 1;
			remoteGlobalIDString = DE31F2601EBFB4C600F2A1A1;
			remoteInfo = War;
		};
/* End PBXContainerItemProxy section */

/* Begin PBXFileReference section */
		DE31F2611EBFB4C600F2A1A1 /* War.app */ = {isa = PBXFileReference; explicitFileType = wrapper.application; includeInIndex = 0; path = War.app; sourceTree = BUILT_PRODUCTS_DIR; };
		DE31F2641EBFB4C600F2A1A1 /* AppDelegate.swift */ = {isa = PBXFileReference; lastKnownFileType = sourcecode.swift; path = AppDelegate.swift; sourceTree = "<group>"; };
		DE31F2661EBFB4C600F2A1A1 /* ViewController.swift */ = {isa = PBXFileReference; lastKnownFileType = sourcecode.swift; path = ViewController.swift; sourceTree = "<group>"; };
		DE31F2691EBFB4C600F2A1A1 /* Base */ = {isa = PBXFileReference; lastKnownFileType = file.storyboard; name = Base; path = Base.lproj/Main.storyboard; sourceTree = "<group>"; };
		DE31F26B1EBFB4C600F2A1A1 /* Assets.xcassets */ = {isa = PBXFileReference; lastKnownFileType = folder.assetcatalog; path = Assets.xcassets; sourceTree = "<group>"; };
		DE31F26E1EBFB4C600F2A1A1 /* Base */ = {isa = PBXFileReference; lastKnownFileType = file.storyboard; name = Base; path = Base.lproj/LaunchScreen.storyboard; sourceTree = "<group>"; };
		DE31F2701EBFB4C600F2A1A1 /* Info.plist */ = {isa = PBXFileReference; lastKnownFileType = text.plist.xml; path = Info.plist; sourceTree = "<group>"; };
		DE31F2751EBFB4C600F2A1A1 /* WarTests.xctest */ = {isa = PBXFileReference; explicitFileType = wrapper.cfbundle; includeInIndex = 0; path = WarTests.xctest; sourceTree = BUILT_PRODUCTS_DIR; };
		DE31F2791EBFB4C600F2A1A1 /* WarTests.swift */ = {isa = PBXFileReference; lastKnownFileType = sourcecode.swift; path = WarTests.swift; sourceTree = "<group>"; };
		DE31F27B1EBFB4C600F2A1A1 /* Info.plist */ = {isa = PBXFileReference; lastKnownFileType = text.plist.xml; path = Info.plist; sourceTree = "<group>"; };
		DE31F2801EBFB4C600F2A1A1 /* WarUITests.xctest */ = {isa = PBXFileReference; explicitFileType = wrapper.cfbundle; includeInIndex = 0; path = WarUITests.xctest; sourceTree = BUILT_PRODUCTS_DIR; };
		DE31F2841EBFB4C600F2A1A1 /* WarUITests.swift */ = {isa = PBXFileReference; lastKnownFileType = sourcecode.swift; path = WarUITests.swift; sourceTree = "<group>"; };
		DE31F2861EBFB4C600F2A1A1 /* Info.plist */ = {isa = PBXFileReference; lastKnownFileType = text.plist.xml; path = Info.plist; sourceTree = "<group>"; };
/* End PBXFileReference section */

/* Begin PBXFrameworksBuildPhase section */
		DE31F25E1EBFB4C600F2A1A1 /* Frameworks */ = {
			isa = PBXFrameworksBuildPhase;
			buildActionMask = 2147483647;
			files = (
			);
			runOnlyForDeploymentPostprocessing = 0;
		};
		DE31F2721EBFB4C600F2A1A1 /* Frameworks */ = {
			isa = PBXFrameworksBuildPhase;
			buildActionMask = 2147483647;
			files = (
			);
			runOnlyForDeploymentPostprocessing = 0;
		};
		DE31F27D1EBFB4C600F2A1A1 /* Frameworks */ = {
			isa = PBXFrameworksBuildPhase;
			buildActionMask = 2147483647;
			files = (
			);
			runOnlyForDeploymentPostprocessing = 0;
		};
/* End PBXFrameworksBuildPhase section */

/* Begin PBXGroup section */
		DE31F2581EBFB4C600F2A1A1 = {
			isa = PBXGroup;
			children = (
				DE31F2631EBFB4C600F2A1A1 /* War */,
				DE31F2781EBFB4C600F2A1A1 /* WarTests */,
				DE31F2831EBFB4C600F2A1A1 /* WarUITests */,
				DE31F2621EBFB4C600F2A1A1 /* Products */,
			);
			sourceTree = "<group>";
		};
		DE31F2621EBFB4C600F2A1A1 /* Products */ = {
			isa = PBXGroup;
			children = (
				DE31F2611EBFB4C600F2A1A1 /* War.app */,
				DE31F2751EBFB4C600F2A1A1 /* WarTests.xctest */,
				DE31F2801EBFB4C600F2A1A1 /* WarUITests.xctest */,
			);
			name = Products;
			sourceTree = "<group>";
		};
		DE31F2631EBFB4C600F2A1A1 /* War */ = {
			isa = PBXGroup;
			children = (
				DE31F2641EBFB4C600F2A1A1 /* AppDelegate.swift */,
				DE31F2661EBFB4C600F2A1A1 /* ViewController.swift */,
				DE31F2681EBFB4C600F2A1A1 /* Main.storyboard */,
				DE31F26B1EBFB4C600F2A1A1 /* Assets.xcassets */,
				DE31F26D1EBFB4C600F2A1A1 /* LaunchScreen.storyboard */,
				DE31F2701EBFB4C600F2A1A1 /* Info.plist */,
			);
			path = War;
			sourceTree = "<group>";
		};
		DE31F2781EBFB4C600F2A1A1 /* WarTests */ = {
			isa = PBXGroup;
			children = (
				DE31F2791EBFB4C600F2A1A1 /* WarTests.swift */,
				DE31F27B1EBFB4C600F2A1A1 /* Info.plist */,
			);
			path = WarTests;
			sourceTree = "<group>";
		};
		DE31F2831EBFB4C600F2A1A1 /* WarUITests */ = {
			isa = PBXGroup;
			children = (
				DE31F2841EBFB4C600F2A1A1 /* WarUITests.swift */,
				DE31F2861EBFB4C600F2A1A1 /* Info.plist */,
			);
			path = WarUITests;
			sourceTree = "<group>";
		};
/* End PBXGroup section */

/* Begin PBXNativeTarget section */
		DE31F2601EBFB4C600F2A1A1 /* War */ = {
			isa = PBXNativeTarget;
			buildConfigurationList = DE31F2891EBFB4C600F2A1A1 /* Build configuration list for PBXNativeTarget "War" */;
			buildPhases = (
				DE31F25D1EBFB4C600F2A1A1 /* Sources */,
				DE31F25E1EBFB4C600F2A1A1 /* Frameworks */,
				DE31F25F1EBFB4C600F2A1A1 /* Resources */,
			);
			buildRules = (
			);
			dependencies = (
			);
			name = War;
			productName = War;
			productReference = DE31F2611EBFB4C600F2A1A1 /* War.app */;
			productType = "com.apple.product-type.application";
		};
		DE31F2741EBFB4C600F2A1A1 /* WarTests */ = {
			isa = PBXNativeTarget;
			buildConfigurationList = DE31F28C1EBFB4C600F2A1A1 /* Build configuration list for PBXNativeTarget "WarTests" */;
			buildPhases = (
				DE31F2711EBFB4C600F2A1A1 /* Sources */,
				DE31F2721EBFB4C600F2A1A1 /* Frameworks */,
				DE31F2731EBFB4C600F2A1A1 /* Resources */,
			);
			buildRules = (
			);
			dependencies = (
				DE31F2771EBFB4C600F2A1A1 /* PBXTargetDependency */,
			);
			name = WarTests;
			productName = WarTests;
			productReference = DE31F2751EBFB4C600F2A1A1 /* WarTests.xctest */;
			productType = "com.apple.product-type.bundle.unit-test";
		};
		DE31F27F1EBFB4C600F2A1A1 /* WarUITests */ = {
			isa = PBXNativeTarget;
			buildConfigurationList = DE31F28F1EBFB4C600F2A1A1 /* Build configuration list for PBXNativeTarget "WarUITests" */;
			buildPhases = (
				DE31F27C1EBFB4C600F2A1A1 /* Sources */,
				DE31F27D1EBFB4C600F2A1A1 /* Frameworks */,
				DE31F27E1EBFB4C600F2A1A1 /* Resources */,
			);
			buildRules = (
			);
			dependencies = (
				DE31F2821EBFB4C600F2A1A1 /* PBXTargetDependency */,
			);
			name = WarUITests;
			productName = WarUITests;
			productReference = DE31F2801EBFB4C600F2A1A1 /* WarUITests.xctest */;
			productType = "com.apple.product-type.bundle.ui-testing";
		};
/* End PBXNativeTarget section */

/* Begin PBXProject section */
		DE31F2591EBFB4C600F2A1A1 /* Project object */ = {
			isa = PBXProject;
			attributes = {
				LastSwiftUpdateCheck = 0830;
				LastUpgradeCheck = 0830;
				ORGANIZATIONNAME = "gopikrishna saripuri";
				TargetAttributes = {
					DE31F2601EBFB4C600F2A1A1 = {
						CreatedOnToolsVersion = 8.3.2;
						ProvisioningStyle = Automatic;
					};
					DE31F2741EBFB4C600F2A1A1 = {
						CreatedOnToolsVersion = 8.3.2;
						ProvisioningStyle = Automatic;
						TestTargetID = DE31F2601EBFB4C600F2A1A1;
					};
					DE31F27F1EBFB4C600F2A1A1 = {
						CreatedOnToolsVersion = 8.3.2;
						ProvisioningStyle = Automatic;
						TestTargetID = DE31F2601EBFB4C600F2A1A1;
					};
				};
			};
			buildConfigurationList = DE31F25C1EBFB4C600F2A1A1 /* Build configuration list for PBXProject "War" */;
			compatibilityVersion = "Xcode 3.2";
			developmentRegion = English;
			hasScannedForEncodings = 0;
			knownRegions = (
				en,
				Base,
			);
			mainGroup = DE31F2581EBFB4C600F2A1A1;
			productRefGroup = DE31F2621EBFB4C600F2A1A1 /* Products */;
			projectDirPath = "";
			projectRoot = "";
			targets = (
				DE31F2601EBFB4C600F2A1A1 /* War */,
				DE31F2741EBFB4C600F2A1A1 /* WarTests */,
				DE31F27F1EBFB4C600F2A1A1 /* WarUITests */,
			);
		};
/* End PBXProject section */

/* Begin PBXResourcesBuildPhase section */
		DE31F25F1EBFB4C600F2A1A1 /* Resources */ = {
			isa = PBXResourcesBuildPhase;
			buildActionMask = 2147483647;
			files = (
				DE31F26F1EBFB4C600F2A1A1 /* LaunchScreen.storyboard in Resources */,
				DE31F26C1EBFB4C600F2A1A1 /* Assets.xcassets in Resources */,
				DE31F26A1EBFB4C600F2A1A1 /* Main.storyboard in Resources */,
			);
			runOnlyForDeploymentPostprocessing = 0;
		};
		DE31F2731EBFB4C600F2A1A1 /* Resources */ = {
			isa = PBXResourcesBuildPhase;
			buildActionMask = 2147483647;
			files = (
			);
			runOnlyForDeploymentPostprocessing = 0;
		};
		DE31F27E1EBFB4C600F2A1A1 /* Resources */ = {
			isa = PBXResourcesBuildPhase;
			buildActionMask = 2147483647;
			files = (
			);
			runOnlyForDeploymentPostprocessing = 0;
		};
/* End PBXResourcesBuildPhase section */

/* Begin PBXSourcesBuildPhase section */
		DE31F25D1EBFB4C600F2A1A1 /* Sources */ = {
			isa = PBXSourcesBuildPhase;
			buildActionMask = 2147483647;
			files = (
				DE31F2671EBFB4C600F2A1A1 /* ViewController.swift in Sources */,
				DE31F2651EBFB4C600F2A1A1 /* AppDelegate.swift in Sources */,
			);
			runOnlyForDeploymentPostprocessing = 0;
		};
		DE31F2711EBFB4C600F2A1A1 /* Sources */ = {
			isa = PBXSourcesBuildPhase;
			buildActionMask = 2147483647;
			files = (
				DE31F27A1EBFB4C600F2A1A1 /* WarTests.swift in Sources */,
			);
			runOnlyForDeploymentPostprocessing = 0;
		};
		DE31F27C1EBFB4C600F2A1A1 /* Sources */ = {
			isa = PBXSourcesBuildPhase;
			buildActionMask = 2147483647;
			files = (
				DE31F2851EBFB4C600F2A1A1 /* WarUITests.swift in Sources */,
			);
			runOnlyForDeploymentPostprocessing = 0;
		};
/* End PBXSourcesBuildPhase section */

/* Begin PBXTargetDependency section */
		DE31F2771EBFB4C600F2A1A1 /* PBXTargetDependency */ = {
			isa = PBXTargetDependency;
			target = DE31F2601EBFB4C600F2A1A1 /* War */;
			targetProxy = DE31F2761EBFB4C600F2A1A1 /* PBXContainerItemProxy */;
		};
		DE31F2821EBFB4C600F2A1A1 /* PBXTargetDependency */ = {
			isa = PBXTargetDependency;
			target = DE31F2601EBFB4C600F2A1A1 /* War */;
			targetProxy = DE31F2811EBFB4C600F2A1A1 /* PBXContainerItemProxy */;
		};
/* End PBXTargetDependency section */

/* Begin PBXVariantGroup section */
		DE31F2681EBFB4C600F2A1A1 /* Main.storyboard */ = {
			isa = PBXVariantGroup;
			children = (
				DE31F2691EBFB4C600F2A1A1 /* Base */,
			);
			name = Main.storyboard;
			sourceTree = "<group>";
		};
		DE31F26D1EBFB4C600F2A1A1 /* LaunchScreen.storyboard */ = {
			isa = PBXVariantGroup;
			children = (
				DE31F26E1EBFB4C600F2A1A1 /* Base */,
			);
			name = LaunchScreen.storyboard;
			sourceTree = "<group>";
		};
/* End PBXVariantGroup section */

/* Begin XCBuildConfiguration section */
		DE31F2871EBFB4C600F2A1A1 /* Debug */ = {
			isa = XCBuildConfiguration;
			buildSettings = {
				ALWAYS_SEARCH_USER_PATHS = NO;
				CLANG_ANALYZER_NONNULL = YES;
				CLANG_ANALYZER_NUMBER_OBJECT_CONVERSION = YES_AGGRESSIVE;
				CLANG_CXX_LANGUAGE_STANDARD = "gnu++0x";
				CLANG_CXX_LIBRARY = "libc++";
				CLANG_ENABLE_MODULES = YES;
				CLANG_ENABLE_OBJC_ARC = YES;
				CLANG_WARN_BOOL_CONVERSION = YES;
				CLANG_WARN_CONSTANT_CONVERSION = YES;
				CLANG_WARN_DIRECT_OBJC_ISA_USAGE = YES_ERROR;
				CLANG_WARN_DOCUMENTATION_COMMENTS = YES;
				CLANG_WARN_EMPTY_BODY = YES;
				CLANG_WARN_ENUM_CONVERSION = YES;
				CLANG_WARN_INFINITE_RECURSION = YES;
				CLANG_WARN_INT_CONVERSION = YES;
				CLANG_WARN_OBJC_ROOT_CLASS = YES_ERROR;
				CLANG_WARN_SUSPICIOUS_MOVE = YES;
				CLANG_WARN_UNREACHABLE_CODE = YES;
				CLANG_WARN__DUPLICATE_METHOD_MATCH = YES;
				"CODE_SIGN_IDENTITY[sdk=iphoneos*]" = "iPhone Developer";
				COPY_PHASE_STRIP = NO;
				DEBUG_INFORMATION_FORMAT = dwarf;
				ENABLE_STRICT_OBJC_MSGSEND = YES;
				ENABLE_TESTABILITY = YES;
				GCC_C_LANGUAGE_STANDARD = gnu99;
				GCC_DYNAMIC_NO_PIC = NO;
				GCC_NO_COMMON_BLOCKS = YES;
				GCC_OPTIMIZATION_LEVEL = 0;
				GCC_PREPROCESSOR_DEFINITIONS = (
					"DEBUG=1",
					"$(inherited)",
				);
				GCC_WARN_64_TO_32_BIT_CONVERSION = YES;
				GCC_WARN_ABOUT_RETURN_TYPE = YES_ERROR;
				GCC_WARN_UNDECLARED_SELECTOR = YES;
				GCC_WARN_UNINITIALIZED_AUTOS = YES_AGGRESSIVE;
				GCC_WARN_UNUSED_FUNCTION = YES;
				GCC_WARN_UNUSED_VARIABLE = YES;
				IPHONEOS_DEPLOYMENT_TARGET = 10.3;
				MTL_ENABLE_DEBUG_INFO = YES;
				ONLY_ACTIVE_ARCH = YES;
				SDKROOT = iphoneos;
				SWIFT_ACTIVE_COMPILATION_CONDITIONS = DEBUG;
				SWIFT_OPTIMIZATION_LEVEL = "-Onone";
				TARGETED_DEVICE_FAMILY = "1,2";
			};
			name = Debug;
		};
		DE31F2881EBFB4C600F2A1A1 /* Release */ = {
			isa = XCBuildConfiguration;
			buildSettings = {
				ALWAYS_SEARCH_USER_PATHS = NO;
				CLANG_ANALYZER_NONNULL = YES;
				CLANG_ANALYZER_NUMBER_OBJECT_CONVERSION = YES_AGGRESSIVE;
				CLANG_CXX_LANGUAGE_STANDARD = "gnu++0x";
				CLANG_CXX_LIBRARY = "libc++";
				CLANG_ENABLE_MODULES = YES;
				CLANG_ENABLE_OBJC_ARC = YES;
				CLANG_WARN_BOOL_CONVERSION = YES;
				CLANG_WARN_CONSTANT_CONVERSION = YES;
				CLANG_WARN_DIRECT_OBJC_ISA_USAGE = YES_ERROR;
				CLANG_WARN_DOCUMENTATION_COMMENTS = YES;
				CLANG_WARN_EMPTY_BODY = YES;
				CLANG_WARN_ENUM_CONVERSION = YES;
				CLANG_WARN_INFINITE_RECURSION = YES;
				CLANG_WARN_INT_CONVERSION = YES;
				CLANG_WARN_OBJC_ROOT_CLASS = YES_ERROR;
				CLANG_WARN_SUSPICIOUS_MOVE = YES;
				CLANG_WARN_UNREACHABLE_CODE = YES;
				CLANG_WARN__DUPLICATE_METHOD_MATCH = YES;
				"CODE_SIGN_IDENTITY[sdk=iphoneos*]" = "iPhone Developer";
				COPY_PHASE_STRIP = NO;
				DEBUG_INFORMATION_FORMAT = "dwarf-with-dsym";
				ENABLE_NS_ASSERTIONS = NO;
				ENABLE_STRICT_OBJC_MSGSEND = YES;
				GCC_C_LANGUAGE_STANDARD = gnu99;
				GCC_NO_COMMON_BLOCKS = YES;
				GCC_WARN_64_TO_32_BIT_CONVERSION = YES;
				GCC_WARN_ABOUT_RETURN_TYPE = YES_ERROR;
				GCC_WARN_UNDECLARED_SELECTOR = YES;
				GCC_WARN_UNINITIALIZED_AUTOS = YES_AGGRESSIVE;
				GCC_WARN_UNUSED_FUNCTION = YES;
				GCC_WARN_UNUSED_VARIABLE = YES;
				IPHONEOS_DEPLOYMENT_TARGET = 10.3;
				MTL_ENABLE_DEBUG_INFO = NO;
				SDKROOT = iphoneos;
				SWIFT_OPTIMIZATION_LEVEL = "-Owholemodule";
				TARGETED_DEVICE_FAMILY = "1,2";
				VALIDATE_PRODUCT = YES;
			};
			name = Release;
		};
		DE31F28A1EBFB4C600F2A1A1 /* Debug */ = {
			isa = XCBuildConfiguration;
			buildSettings = {
				ASSETCATALOG_COMPILER_APPICON_NAME = AppIcon;
				INFOPLIST_FILE = War/Info.plist;
				LD_RUNPATH_SEARCH_PATHS = "$(inherited) @executable_path/Frameworks";
				PRODUCT_BUNDLE_IDENTIFIER = lazygeek.War;
				PRODUCT_NAME = "$(TARGET_NAME)";
				SWIFT_VERSION = 3.0;
			};
			name = Debug;
		};
		DE31F28B1EBFB4C600F2A1A1 /* Release */ = {
			isa = XCBuildConfiguration;
			buildSettings = {
				ASSETCATALOG_COMPILER_APPICON_NAME = AppIcon;
				INFOPLIST_FILE = War/Info.plist;
				LD_RUNPATH_SEARCH_PATHS = "$(inherited) @executable_path/Frameworks";
				PRODUCT_BUNDLE_IDENTIFIER = lazygeek.War;
				PRODUCT_NAME = "$(TARGET_NAME)";
				SWIFT_VERSION = 3.0;
			};
			name = Release;
		};
		DE31F28D1EBFB4C600F2A1A1 /* Debug */ = {
			isa = XCBuildConfiguration;
			buildSettings = {
				ALWAYS_EMBED_SWIFT_STANDARD_LIBRARIES = YES;
				BUNDLE_LOADER = "$(TEST_HOST)";
				INFOPLIST_FILE = WarTests/Info.plist;
				LD_RUNPATH_SEARCH_PATHS = "$(inherited) @executable_path/Frameworks @loader_path/Frameworks";
				PRODUCT_BUNDLE_IDENTIFIER = lazygeek.WarTests;
				PRODUCT_NAME = "$(TARGET_NAME)";
				SWIFT_VERSION = 3.0;
				TEST_HOST = "$(BUILT_PRODUCTS_DIR)/War.app/War";
			};
			name = Debug;
		};
		DE31F28E1EBFB4C600F2A1A1 /* Release */ = {
			isa = XCBuildConfiguration;
			buildSettings = {
				ALWAYS_EMBED_SWIFT_STANDARD_LIBRARIES = YES;
				BUNDLE_LOADER = "$(TEST_HOST)";
				INFOPLIST_FILE = WarTests/Info.plist;
				LD_RUNPATH_SEARCH_PATHS = "$(inherited) @executable_path/Frameworks @loader_path/Frameworks";
				PRODUCT_BUNDLE_IDENTIFIER = lazygeek.WarTests;
				PRODUCT_NAME = "$(TARGET_NAME)";
				SWIFT_VERSION = 3.0;
				TEST_HOST = "$(BUILT_PRODUCTS_DIR)/War.app/War";
			};
			name = Release;
		};
		DE31F2901EBFB4C600F2A1A1 /* Debug */ = {
			isa = XCBuildConfiguration;
			buildSettings = {
				ALWAYS_EMBED_SWIFT_STANDARD_LIBRARIES = YES;
				INFOPLIST_FILE = WarUITests/Info.plist;
				LD_RUNPATH_SEARCH_PATHS = "$(inherited) @executable_path/Frameworks @loader_path/Frameworks";
				PRODUCT_BUNDLE_IDENTIFIER = lazygeek.WarUITests;
				PRODUCT_NAME = "$(TARGET_NAME)";
				SWIFT_VERSION = 3.0;
				TEST_TARGET_NAME = War;
			};
			name = Debug;
		};
		DE31F2911EBFB4C600F2A1A1 /* Release */ = {
			isa = XCBuildConfiguration;
			buildSettings = {
				ALWAYS_EMBED_SWIFT_STANDARD_LIBRARIES = YES;
				INFOPLIST_FILE = WarUITests/Info.plist;
				LD_RUNPATH_SEARCH_PATHS = "$(inherited) @executable_path/Frameworks @loader_path/Frameworks";
				PRODUCT_BUNDLE_IDENTIFIER = lazygeek.WarUITests;
				PRODUCT_NAME = "$(TARGET_NAME)";
				SWIFT_VERSION = 3.0;
				TEST_TARGET_NAME = War;
			};
			name = Release;
		};
/* End XCBuildConfiguration section */

/* Begin XCConfigurationList section */
		DE31F25C1EBFB4C600F2A1A1 /* Build configuration list for PBXProject "War" */ = {
			isa = XCConfigurationList;
			buildConfigurations = (
				DE31F2871EBFB4C600F2A1A1 /* Debug */,
				DE31F2881EBFB4C600F2A1A1 /* Release */,
			);
			defaultConfigurationIsVisible = 0;
			defaultConfigurationName = Release;
		};
		DE31F2891EBFB4C600F2A1A1 /* Build configuration list for PBXNativeTarget "War" */ = {
			isa = XCConfigurationList;
			buildConfigurations = (
				DE31F28A1EBFB4C600F2A1A1 /* Debug */,
				DE31F28B1EBFB4C600F2A1A1 /* Release */,
			);
			defaultConfigurationIsVisible = 0;
		};
		DE31F28C1EBFB4C600F2A1A1 /* Build configuration list for PBXNativeTarget "WarTests" */ = {
			isa = XCConfigurationList;
			buildConfigurations = (
				DE31F28D1EBFB4C600F2A1A1 /* Debug */,
				DE31F28E1EBFB4C600F2A1A1 /* Release */,
			);
			defaultConfigurationIsVisible = 0;
		};
		DE31F28F1EBFB4C600F2A1A1 /* Build configuration list for PBXNativeTarget "WarUITests" */ = {
			isa = XCConfigurationList;
			buildConfigurations = (
				DE31F2901EBFB4C600F2A1A1 /* Debug */,
				DE31F2911EBFB4C600F2A1A1 /* Release */,
			);
			defaultConfigurationIsVisible = 0;
		};
/* End XCConfigurationList section */
	};
	rootObject = DE31F2591EBFB4C600F2A1A1 /* Project object */;
}
